
Microsoft Visual Studio Solution File, Format Version 12.00
# Visual Studio Version 16
VisualStudioVersion = 16.0.29926.136
MinimumVisualStudioVersion = 10.0.40219.1
Project("{FAE04EC0-301F-11D3-BF4B-00C04F79EFBC}") = "BtlQuanlynhankhau", "BtlQuanlynhankhau\BtlQuanlynhankhau.csproj", "{8C38B09F-F4C8-454D-9961-4935076C41CC}"
EndProject
Global
	GlobalSection(SolutionConfigurationPlatforms) = preSolution
		Debug|Any CPU = Debug|Any CPU
		Release|Any CPU = Release|Any CPU
	EndGlobalSection
	GlobalSection(ProjectConfigurationPlatforms) = postSolution
		{8C38B09F-F4C8-454D-9961-4935076C41CC}.Debug|Any CPU.ActiveCfg = Debug|Any CPU
		{8C38B09F-F4C8-454D-9961-4935076C41CC}.Debug|Any CPU.Build.0 = Debug|Any CPU
		{8C38B09F-F4C8-454D-9961-4935076C41CC}.Release|Any CPU.ActiveCfg = Release|Any CPU
		{8C38B09F-F4C8-454D-9961-4935076C41CC}.Release|Any CPU.Build.0 = Release|Any CPU
	EndGlobalSection
	GlobalSection(SolutionProperties) = preSolution
		HideSolutionNode = FALSE
	EndGlobalSection
	GlobalSection(ExtensibilityGlobals) = postSolution
		SolutionGuid = {3076E9EA-BD2B-4641-87AD-10CD922C89B0}
	EndGlobalSection
EndGlobal
